PODS:
  - Alamofire (3.5.0)
  - Charts (2.2.5):
    - Charts/Core (= 2.2.5)
  - Charts/Core (2.2.5)
  - NMPopUpViewSwift (3.0.1)
  - SwiftyJSON (2.3.2)

DEPENDENCIES:
  - Alamofire
  - Charts
  - NMPopUpViewSwift
  - SwiftyJSON

SPEC CHECKSUMS:
  Alamofire: b70a7352335f8ea5babd0a923eb7e8eacc67b877
  Charts: b48fcc8d7190de910ff9e9748f5360c8ea7856e5
  NMPopUpViewSwift: 23a44d6db17a9abc6b806f9fac597be6d7e9f300
  SwiftyJSON: 04ccea08915aa0109039157c7974cf0298da292a

COCOAPODS: 0.39.0
