// !$*UTF8*$!
{
	archiveVersion = 1;
	classes = {
	};
	objectVersion = 46;
	objects = {

/* Begin PBXBuildFile section */
		085BF6E81D8DF51600B44973 /* AppDelegate.swift in Sources */ = {isa = PBXBuildFile; fileRef = 085BF6E71D8DF51600B44973 /* AppDelegate.swift */; };
		085BF6EA1D8DF51600B44973 /* ViewController.swift in Sources */ = {isa = PBXBuildFile; fileRef = 085BF6E91D8DF51600B44973 /* ViewController.swift */; };
		085BF6ED1D8DF51600B44973 /* Main.storyboard in Resources */ = {isa = PBXBuildFile; fileRef = 085BF6EB1D8DF51600B44973 /* Main.storyboard */; };
		085BF6EF1D8DF51600B44973 /* Assets.xcassets in Resources */ = {isa = PBXBuildFile; fileRef = 085BF6EE1D8DF51600B44973 /* Assets.xcassets */; };
		085BF6F21D8DF51600B44973 /* LaunchScreen.storyboard in Resources */ = {isa = PBXBuildFile; fileRef = 085BF6F01D8DF51600B44973 /* LaunchScreen.storyboard */; };
		085BF6FD1D8DF51600B44973 /* KaloriesTests.swift in Sources */ = {isa = PBXBuildFile; fileRef = 085BF6FC1D8DF51600B44973 /* KaloriesTests.swift */; };
		085BF7081D8DF51600B44973 /* KaloriesUITests.swift in Sources */ = {isa = PBXBuildFile; fileRef = 085BF7071D8DF51600B44973 /* KaloriesUITests.swift */; };
/* End PBXBuildFile section */

/* Begin PBXContainerItemProxy section */
		085BF6F91D8DF51600B44973 /* PBXContainerItemProxy */ = {
			isa = PBXContainerItemProxy;
			containerPortal = 085BF6DC1D8DF51600B44973 /* Project object */;
			proxyType = 1;
			remoteGlobalIDString = 085BF6E31D8DF51600B44973;
			remoteInfo = Kalories;
		};
		085BF7041D8DF51600B44973 /* PBXContainerItemProxy */ = {
			isa = PBXContainerItemProxy;
			containerPortal = 085BF6DC1D8DF51600B44973 /* Project object */;
			proxyType = 1;
			remoteGlobalIDString = 085BF6E31D8DF51600B44973;
			remoteInfo = Kalories;
		};
/* End PBXContainerItemProxy section */

/* Begin PBXFileReference section */
		085BF6E41D8DF51600B44973 /* Kalories.app */ = {isa = PBXFileReference; explicitFileType = wrapper.application; includeInIndex = 0; path = Kalories.app; sourceTree = BUILT_PRODUCTS_DIR; };
		085BF6E71D8DF51600B44973 /* AppDelegate.swift */ = {isa = PBXFileReference; lastKnownFileType = sourcecode.swift; path = AppDelegate.swift; sourceTree = "<group>"; };
		085BF6E91D8DF51600B44973 /* ViewController.swift */ = {isa = PBXFileReference; lastKnownFileType = sourcecode.swift; path = ViewController.swift; sourceTree = "<group>"; };
		085BF6EC1D8DF51600B44973 /* Base */ = {isa = PBXFileReference; lastKnownFileType = file.storyboard; name = Base; path = Base.lproj/Main.storyboard; sourceTree = "<group>"; };
		085BF6EE1D8DF51600B44973 /* Assets.xcassets */ = {isa = PBXFileReference; lastKnownFileType = folder.assetcatalog; path = Assets.xcassets; sourceTree = "<group>"; };
		085BF6F11D8DF51600B44973 /* Base */ = {isa = PBXFileReference; lastKnownFileType = file.storyboard; name = Base; path = Base.lproj/LaunchScreen.storyboard; sourceTree = "<group>"; };
		085BF6F31D8DF51600B44973 /* Info.plist */ = {isa = PBXFileReference; lastKnownFileType = text.plist.xml; path = Info.plist; sourceTree = "<group>"; };
		085BF6F81D8DF51600B44973 /* KaloriesTests.xctest */ = {isa = PBXFileReference; explicitFileType = wrapper.cfbundle; includeInIndex = 0; path = KaloriesTests.xctest; sourceTree = BUILT_PRODUCTS_DIR; };
		085BF6FC1D8DF51600B44973 /* KaloriesTests.swift */ = {isa = PBXFileReference; lastKnownFileType = sourcecode.swift; path = KaloriesTests.swift; sourceTree = "<group>"; };
		085BF6FE1D8DF51600B44973 /* Info.plist */ = {isa = PBXFileReference; lastKnownFileType = text.plist.xml; path = Info.plist; sourceTree = "<group>"; };
		085BF7031D8DF51600B44973 /* KaloriesUITests.xctest */ = {isa = PBXFileReference; explicitFileType = wrapper.cfbundle; includeInIndex = 0; path = KaloriesUITests.xctest; sourceTree = BUILT_PRODUCTS_DIR; };
		085BF7071D8DF51600B44973 /* KaloriesUITests.swift */ = {isa = PBXFileReference; lastKnownFileType = sourcecode.swift; path = KaloriesUITests.swift; sourceTree = "<group>"; };
		085BF7091D8DF51600B44973 /* Info.plist */ = {isa = PBXFileReference; lastKnownFileType = text.plist.xml; path = Info.plist; sourceTree = "<group>"; };
/* End PBXFileReference section */

/* Begin PBXFrameworksBuildPhase section */
		085BF6E11D8DF51600B44973 /* Frameworks */ = {
			isa = PBXFrameworksBuildPhase;
			buildActionMask = 2147483647;
			files = (
			);
			runOnlyForDeploymentPostprocessing = 0;
		};
		085BF6F51D8DF51600B44973 /* Frameworks */ = {
			isa = PBXFrameworksBuildPhase;
			buildActionMask = 2147483647;
			files = (
			);
			runOnlyForDeploymentPostprocessing = 0;
		};
		085BF7001D8DF51600B44973 /* Frameworks */ = {
			isa = PBXFrameworksBuildPhase;
			buildActionMask = 2147483647;
			files = (
			);
			runOnlyForDeploymentPostprocessing = 0;
		};
/* End PBXFrameworksBuildPhase section */

/* Begin PBXGroup section */
		085BF6DB1D8DF51600B44973 = {
			isa = PBXGroup;
			children = (
				085BF6E61D8DF51600B44973 /* Kalories */,
				085BF6FB1D8DF51600B44973 /* KaloriesTests */,
				085BF7061D8DF51600B44973 /* KaloriesUITests */,
				085BF6E51D8DF51600B44973 /* Products */,
			);
			sourceTree = "<group>";
		};
		085BF6E51D8DF51600B44973 /* Products */ = {
			isa = PBXGroup;
			children = (
				085BF6E41D8DF51600B44973 /* Kalories.app */,
				085BF6F81D8DF51600B44973 /* KaloriesTests.xctest */,
				085BF7031D8DF51600B44973 /* KaloriesUITests.xctest */,
			);
			name = Products;
			sourceTree = "<group>";
		};
		085BF6E61D8DF51600B44973 /* Kalories */ = {
			isa = PBXGroup;
			children = (
				085BF6E71D8DF51600B44973 /* AppDelegate.swift */,
				085BF6E91D8DF51600B44973 /* ViewController.swift */,
				085BF6EB1D8DF51600B44973 /* Main.storyboard */,
				085BF6EE1D8DF51600B44973 /* Assets.xcassets */,
				085BF6F01D8DF51600B44973 /* LaunchScreen.storyboard */,
				085BF6F31D8DF51600B44973 /* Info.plist */,
			);
			path = Kalories;
			sourceTree = "<group>";
		};
		085BF6FB1D8DF51600B44973 /* KaloriesTests */ = {
			isa = PBXGroup;
			children = (
				085BF6FC1D8DF51600B44973 /* KaloriesTests.swift */,
				085BF6FE1D8DF51600B44973 /* Info.plist */,
			);
			path = KaloriesTests;
			sourceTree = "<group>";
		};
		085BF7061D8DF51600B44973 /* KaloriesUITests */ = {
			isa = PBXGroup;
			children = (
				085BF7071D8DF51600B44973 /* KaloriesUITests.swift */,
				085BF7091D8DF51600B44973 /* Info.plist */,
			);
			path = KaloriesUITests;
			sourceTree = "<group>";
		};
/* End PBXGroup section */

/* Begin PBXNativeTarget section */
		085BF6E31D8DF51600B44973 /* Kalories */ = {
			isa = PBXNativeTarget;
			buildConfigurationList = 085BF70C1D8DF51600B44973 /* Build configuration list for PBXNativeTarget "Kalories" */;
			buildPhases = (
				085BF6E01D8DF51600B44973 /* Sources */,
				085BF6E11D8DF51600B44973 /* Frameworks */,
				085BF6E21D8DF51600B44973 /* Resources */,
			);
			buildRules = (
			);
			dependencies = (
			);
			name = Kalories;
			productName = Kalories;
			productReference = 085BF6E41D8DF51600B44973 /* Kalories.app */;
			productType = "com.apple.product-type.application";
		};
		085BF6F71D8DF51600B44973 /* KaloriesTests */ = {
			isa = PBXNativeTarget;
			buildConfigurationList = 085BF70F1D8DF51600B44973 /* Build configuration list for PBXNativeTarget "KaloriesTests" */;
			buildPhases = (
				085BF6F41D8DF51600B44973 /* Sources */,
				085BF6F51D8DF51600B44973 /* Frameworks */,
				085BF6F61D8DF51600B44973 /* Resources */,
			);
			buildRules = (
			);
			dependencies = (
				085BF6FA1D8DF51600B44973 /* PBXTargetDependency */,
			);
			name = KaloriesTests;
			productName = KaloriesTests;
			productReference = 085BF6F81D8DF51600B44973 /* KaloriesTests.xctest */;
			productType = "com.apple.product-type.bundle.unit-test";
		};
		085BF7021D8DF51600B44973 /* KaloriesUITests */ = {
			isa = PBXNativeTarget;
			buildConfigurationList = 085BF7121D8DF51600B44973 /* Build configuration list for PBXNativeTarget "KaloriesUITests" */;
			buildPhases = (
				085BF6FF1D8DF51600B44973 /* Sources */,
				085BF7001D8DF51600B44973 /* Frameworks */,
				085BF7011D8DF51600B44973 /* Resources */,
			);
			buildRules = (
			);
			dependencies = (
				085BF7051D8DF51600B44973 /* PBXTargetDependency */,
			);
			name = KaloriesUITests;
			productName = KaloriesUITests;
			productReference = 085BF7031D8DF51600B44973 /* KaloriesUITests.xctest */;
			productType = "com.apple.product-type.bundle.ui-testing";
		};
/* End PBXNativeTarget section */

/* Begin PBXProject section */
		085BF6DC1D8DF51600B44973 /* Project object */ = {
			isa = PBXProject;
			attributes = {
				LastSwiftUpdateCheck = 0730;
				LastUpgradeCheck = 0730;
				ORGANIZATIONNAME = "Jay Chia";
				TargetAttributes = {
					085BF6E31D8DF51600B44973 = {
						CreatedOnToolsVersion = 7.3;
					};
					085BF6F71D8DF51600B44973 = {
						CreatedOnToolsVersion = 7.3;
						TestTargetID = 085BF6E31D8DF51600B44973;
					};
					085BF7021D8DF51600B44973 = {
						CreatedOnToolsVersion = 7.3;
						TestTargetID = 085BF6E31D8DF51600B44973;
					};
				};
			};
			buildConfigurationList = 085BF6DF1D8DF51600B44973 /* Build configuration list for PBXProject "Kalories" */;
			compatibilityVersion = "Xcode 3.2";
			developmentRegion = English;
			hasScannedForEncodings = 0;
			knownRegions = (
				en,
				Base,
			);
			mainGroup = 085BF6DB1D8DF51600B44973;
			productRefGroup = 085BF6E51D8DF51600B44973 /* Products */;
			projectDirPath = "";
			projectRoot = "";
			targets = (
				085BF6E31D8DF51600B44973 /* Kalories */,
				085BF6F71D8DF51600B44973 /* KaloriesTests */,
				085BF7021D8DF51600B44973 /* KaloriesUITests */,
			);
		};
/* End PBXProject section */

/* Begin PBXResourcesBuildPhase section */
		085BF6E21D8DF51600B44973 /* Resources */ = {
			isa = PBXResourcesBuildPhase;
			buildActionMask = 2147483647;
			files = (
				085BF6F21D8DF51600B44973 /* LaunchScreen.storyboard in Resources */,
				085BF6EF1D8DF51600B44973 /* Assets.xcassets in Resources */,
				085BF6ED1D8DF51600B44973 /* Main.storyboard in Resources */,
			);
			runOnlyForDeploymentPostprocessing = 0;
		};
		085BF6F61D8DF51600B44973 /* Resources */ = {
			isa = PBXResourcesBuildPhase;
			buildActionMask = 2147483647;
			files = (
			);
			runOnlyForDeploymentPostprocessing = 0;
		};
		085BF7011D8DF51600B44973 /* Resources */ = {
			isa = PBXResourcesBuildPhase;
			buildActionMask = 2147483647;
			files = (
			);
			runOnlyForDeploymentPostprocessing = 0;
		};
/* End PBXResourcesBuildPhase section */

/* Begin PBXSourcesBuildPhase section */
		085BF6E01D8DF51600B44973 /* Sources */ = {
			isa = PBXSourcesBuildPhase;
			buildActionMask = 2147483647;
			files = (
				085BF6EA1D8DF51600B44973 /* ViewController.swift in Sources */,
				085BF6E81D8DF51600B44973 /* AppDelegate.swift in Sources */,
			);
			runOnlyForDeploymentPostprocessing = 0;
		};
		085BF6F41D8DF51600B44973 /* Sources */ = {
			isa = PBXSourcesBuildPhase;
			buildActionMask = 2147483647;
			files = (
				085BF6FD1D8DF51600B44973 /* KaloriesTests.swift in Sources */,
			);
			runOnlyForDeploymentPostprocessing = 0;
		};
		085BF6FF1D8DF51600B44973 /* Sources */ = {
			isa = PBXSourcesBuildPhase;
			buildActionMask = 2147483647;
			files = (
				085BF7081D8DF51600B44973 /* KaloriesUITests.swift in Sources */,
			);
			runOnlyForDeploymentPostprocessing = 0;
		};
/* End PBXSourcesBuildPhase section */

/* Begin PBXTargetDependency section */
		085BF6FA1D8DF51600B44973 /* PBXTargetDependency */ = {
			isa = PBXTargetDependency;
			target = 085BF6E31D8DF51600B44973 /* Kalories */;
			targetProxy = 085BF6F91D8DF51600B44973 /* PBXContainerItemProxy */;
		};
		085BF7051D8DF51600B44973 /* PBXTargetDependency */ = {
			isa = PBXTargetDependency;
			target = 085BF6E31D8DF51600B44973 /* Kalories */;
			targetProxy = 085BF7041D8DF51600B44973 /* PBXContainerItemProxy */;
		};
/* End PBXTargetDependency section */

/* Begin PBXVariantGroup section */
		085BF6EB1D8DF51600B44973 /* Main.storyboard */ = {
			isa = PBXVariantGroup;
			children = (
				085BF6EC1D8DF51600B44973 /* Base */,
			);
			name = Main.storyboard;
			sourceTree = "<group>";
		};
		085BF6F01D8DF51600B44973 /* LaunchScreen.storyboard */ = {
			isa = PBXVariantGroup;
			children = (
				085BF6F11D8DF51600B44973 /* Base */,
			);
			name = LaunchScreen.storyboard;
			sourceTree = "<group>";
		};
/* End PBXVariantGroup section */

/* Begin XCBuildConfiguration section */
		085BF70A1D8DF51600B44973 /* Debug */ = {
			isa = XCBuildConfiguration;
			buildSettings = {
				ALWAYS_SEARCH_USER_PATHS = NO;
				CLANG_ANALYZER_NONNULL = YES;
				CLANG_CXX_LANGUAGE_STANDARD = "gnu++0x";
				CLANG_CXX_LIBRARY = "libc++";
				CLANG_ENABLE_MODULES = YES;
				CLANG_ENABLE_OBJC_ARC = YES;
				CLANG_WARN_BOOL_CONVERSION = YES;
				CLANG_WARN_CONSTANT_CONVERSION = YES;
				CLANG_WARN_DIRECT_OBJC_ISA_USAGE = YES_ERROR;
				CLANG_WARN_EMPTY_BODY = YES;
				CLANG_WARN_ENUM_CONVERSION = YES;
				CLANG_WARN_INT_CONVERSION = YES;
				CLANG_WARN_OBJC_ROOT_CLASS = YES_ERROR;
				CLANG_WARN_UNREACHABLE_CODE = YES;
				CLANG_WARN__DUPLICATE_METHOD_MATCH = YES;
				"CODE_SIGN_IDENTITY[sdk=iphoneos*]" = "iPhone Developer";
				COPY_PHASE_STRIP = NO;
				DEBUG_INFORMATION_FORMAT = dwarf;
				ENABLE_STRICT_OBJC_MSGSEND = YES;
				ENABLE_TESTABILITY = YES;
				GCC_C_LANGUAGE_STANDARD = gnu99;
				GCC_DYNAMIC_NO_PIC = NO;
				GCC_NO_COMMON_BLOCKS = YES;
				GCC_OPTIMIZATION_LEVEL = 0;
				GCC_PREPROCESSOR_DEFINITIONS = (
					"DEBUG=1",
					"$(inherited)",
				);
				GCC_WARN_64_TO_32_BIT_CONVERSION = YES;
				GCC_WARN_ABOUT_RETURN_TYPE = YES_ERROR;
				GCC_WARN_UNDECLARED_SELECTOR = YES;
				GCC_WARN_UNINITIALIZED_AUTOS = YES_AGGRESSIVE;
				GCC_WARN_UNUSED_FUNCTION = YES;
				GCC_WARN_UNUSED_VARIABLE = YES;
				IPHONEOS_DEPLOYMENT_TARGET = 9.3;
				MTL_ENABLE_DEBUG_INFO = YES;
				ONLY_ACTIVE_ARCH = YES;
				SDKROOT = iphoneos;
				SWIFT_OPTIMIZATION_LEVEL = "-Onone";
				TARGETED_DEVICE_FAMILY = "1,2";
			};
			name = Debug;
		};
		085BF70B1D8DF51600B44973 /* Release */ = {
			isa = XCBuildConfiguration;
			buildSettings = {
				ALWAYS_SEARCH_USER_PATHS = NO;
				CLANG_ANALYZER_NONNULL = YES;
				CLANG_CXX_LANGUAGE_STANDARD = "gnu++0x";
				CLANG_CXX_LIBRARY = "libc++";
				CLANG_ENABLE_MODULES = YES;
				CLANG_ENABLE_OBJC_ARC = YES;
				CLANG_WARN_BOOL_CONVERSION = YES;
				CLANG_WARN_CONSTANT_CONVERSION = YES;
				CLANG_WARN_DIRECT_OBJC_ISA_USAGE = YES_ERROR;
				CLANG_WARN_EMPTY_BODY = YES;
				CLANG_WARN_ENUM_CONVERSION = YES;
				CLANG_WARN_INT_CONVERSION = YES;
				CLANG_WARN_OBJC_ROOT_CLASS = YES_ERROR;
				CLANG_WARN_UNREACHABLE_CODE = YES;
				CLANG_WARN__DUPLICATE_METHOD_MATCH = YES;
				"CODE_SIGN_IDENTITY[sdk=iphoneos*]" = "iPhone Developer";
				COPY_PHASE_STRIP = NO;
				DEBUG_INFORMATION_FORMAT = "dwarf-with-dsym";
				ENABLE_NS_ASSERTIONS = NO;
				ENABLE_STRICT_OBJC_MSGSEND = YES;
				GCC_C_LANGUAGE_STANDARD = gnu99;
				GCC_NO_COMMON_BLOCKS = YES;
				GCC_WARN_64_TO_32_BIT_CONVERSION = YES;
				GCC_WARN_ABOUT_RETURN_TYPE = YES_ERROR;
				GCC_WARN_UNDECLARED_SELECTOR = YES;
				GCC_WARN_UNINITIALIZED_AUTOS = YES_AGGRESSIVE;
				GCC_WARN_UNUSED_FUNCTION = YES;
				GCC_WARN_UNUSED_VARIABLE = YES;
				IPHONEOS_DEPLOYMENT_TARGET = 9.3;
				MTL_ENABLE_DEBUG_INFO = NO;
				SDKROOT = iphoneos;
				TARGETED_DEVICE_FAMILY = "1,2";
				VALIDATE_PRODUCT = YES;
			};
			name = Release;
		};
		085BF70D1D8DF51600B44973 /* Debug */ = {
			isa = XCBuildConfiguration;
			buildSettings = {
				ASSETCATALOG_COMPILER_APPICON_NAME = AppIcon;
				INFOPLIST_FILE = Kalories/Info.plist;
				LD_RUNPATH_SEARCH_PATHS = "$(inherited) @executable_path/Frameworks";
				PRODUCT_BUNDLE_IDENTIFIER = JC.Kalories;
				PRODUCT_NAME = "$(TARGET_NAME)";
			};
			name = Debug;
		};
		085BF70E1D8DF51600B44973 /* Release */ = {
			isa = XCBuildConfiguration;
			buildSettings = {
				ASSETCATALOG_COMPILER_APPICON_NAME = AppIcon;
				INFOPLIST_FILE = Kalories/Info.plist;
				LD_RUNPATH_SEARCH_PATHS = "$(inherited) @executable_path/Frameworks";
				PRODUCT_BUNDLE_IDENTIFIER = JC.Kalories;
				PRODUCT_NAME = "$(TARGET_NAME)";
			};
			name = Release;
		};
		085BF7101D8DF51600B44973 /* Debug */ = {
			isa = XCBuildConfiguration;
			buildSettings = {
				BUNDLE_LOADER = "$(TEST_HOST)";
				INFOPLIST_FILE = KaloriesTests/Info.plist;
				LD_RUNPATH_SEARCH_PATHS = "$(inherited) @executable_path/Frameworks @loader_path/Frameworks";
				PRODUCT_BUNDLE_IDENTIFIER = JC.KaloriesTests;
				PRODUCT_NAME = "$(TARGET_NAME)";
				TEST_HOST = "$(BUILT_PRODUCTS_DIR)/Kalories.app/Kalories";
			};
			name = Debug;
		};
		085BF7111D8DF51600B44973 /* Release */ = {
			isa = XCBuildConfiguration;
			buildSettings = {
				BUNDLE_LOADER = "$(TEST_HOST)";
				INFOPLIST_FILE = KaloriesTests/Info.plist;
				LD_RUNPATH_SEARCH_PATHS = "$(inherited) @executable_path/Frameworks @loader_path/Frameworks";
				PRODUCT_BUNDLE_IDENTIFIER = JC.KaloriesTests;
				PRODUCT_NAME = "$(TARGET_NAME)";
				TEST_HOST = "$(BUILT_PRODUCTS_DIR)/Kalories.app/Kalories";
			};
			name = Release;
		};
		085BF7131D8DF51600B44973 /* Debug */ = {
			isa = XCBuildConfiguration;
			buildSettings = {
				INFOPLIST_FILE = KaloriesUITests/Info.plist;
				LD_RUNPATH_SEARCH_PATHS = "$(inherited) @executable_path/Frameworks @loader_path/Frameworks";
				PRODUCT_BUNDLE_IDENTIFIER = JC.KaloriesUITests;
				PRODUCT_NAME = "$(TARGET_NAME)";
				TEST_TARGET_NAME = Kalories;
			};
			name = Debug;
		};
		085BF7141D8DF51600B44973 /* Release */ = {
			isa = XCBuildConfiguration;
			buildSettings = {
				INFOPLIST_FILE = KaloriesUITests/Info.plist;
				LD_RUNPATH_SEARCH_PATHS = "$(inherited) @executable_path/Frameworks @loader_path/Frameworks";
				PRODUCT_BUNDLE_IDENTIFIER = JC.KaloriesUITests;
				PRODUCT_NAME = "$(TARGET_NAME)";
				TEST_TARGET_NAME = Kalories;
			};
			name = Release;
		};
/* End XCBuildConfiguration section */

/* Begin XCConfigurationList section */
		085BF6DF1D8DF51600B44973 /* Build configuration list for PBXProject "Kalories" */ = {
			isa = XCConfigurationList;
			buildConfigurations = (
				085BF70A1D8DF51600B44973 /* Debug */,
				085BF70B1D8DF51600B44973 /* Release */,
			);
			defaultConfigurationIsVisible = 0;
			defaultConfigurationName = Release;
		};
		085BF70C1D8DF51600B44973 /* Build configuration list for PBXNativeTarget "Kalories" */ = {
			isa = XCConfigurationList;
			buildConfigurations = (
				085BF70D1D8DF51600B44973 /* Debug */,
				085BF70E1D8DF51600B44973 /* Release */,
			);
			defaultConfigurationIsVisible = 0;
		};
		085BF70F1D8DF51600B44973 /* Build configuration list for PBXNativeTarget "KaloriesTests" */ = {
			isa = XCConfigurationList;
			buildConfigurations = (
				085BF7101D8DF51600B44973 /* Debug */,
				085BF7111D8DF51600B44973 /* Release */,
			);
			defaultConfigurationIsVisible = 0;
		};
		085BF7121D8DF51600B44973 /* Build configuration list for PBXNativeTarget "KaloriesUITests" */ = {
			isa = XCConfigurationList;
			buildConfigurations = (
				085BF7131D8DF51600B44973 /* Debug */,
				085BF7141D8DF51600B44973 /* Release */,
			);
			defaultConfigurationIsVisible = 0;
		};
/* End XCConfigurationList section */
	};
	rootObject = 085BF6DC1D8DF51600B44973 /* Project object */;
}
